{
  "name": "@weareunite/unisys-angular-core",
  "version": "0.9.0",
  "lockfileVersion": 1,
  "requires": true,
  "dependencies": {
    "@ng-select/ng-select": {
      "version": "2.15.1",
      "resolved": "https://registry.npmjs.org/@ng-select/ng-select/-/ng-select-2.15.1.tgz",
      "integrity": "sha512-MzRfCUbHMbnX6fLP7Pw1qoufGmu3sLPrfmu8/J/p1pYIQySV1DgXlC3/Yo20jq4rkY0WmOquEqTY/5fKUEs4/A==",
      "requires": {
        "tslib": "^1.9.0"
      }
    },
    "@weareunite/unisys-angular-form-group": {
      "version": "0.2.12",
      "resolved": "https://registry.npmjs.org/@weareunite/unisys-angular-form-group/-/unisys-angular-form-group-0.2.12.tgz",
      "integrity": "sha512-UjbwPSsTxEh1YaNRhANLqlLTn4xKu8t4DR5YvFSKqVY0GMmG60Xp+LB0m3Hm8kpzoMiNjyNwCU7Pqdrn/4yN2Q==",
      "requires": {
        "@ngx-translate/http-loader": ">=3.0.0",
        "tslib": "^1.9.0"
      },
      "dependencies": {
        "@ngx-translate/http-loader": {
          "version": "4.0.0",
          "resolved": "https://registry.npmjs.org/@ngx-translate/http-loader/-/http-loader-4.0.0.tgz",
          "integrity": "sha512-x8LumqydWD7eX9yQTAVeoCM9gFUIGVTUjZqbxdAUavAA3qVnk9wCQux7iHLPXpydl8vyQmLoPQR+fFU+DUDOMA==",
          "requires": {
            "tslib": "^1.9.0"
          }
        }
      }
    },
    "@weareunite/unisys-angular-input-wrapper": {
      "version": "0.0.8",
      "resolved": "https://registry.npmjs.org/@weareunite/unisys-angular-input-wrapper/-/unisys-angular-input-wrapper-0.0.8.tgz",
      "integrity": "sha512-kMrCXfhTdsLDegFVbc3fOJs8F5c2F7Ja4dmobGVfwZhdLja5JkVkZiIFV/nRbRoXT9UKjrsk/xHtuTnpUcsDeQ==",
      "requires": {
        "tslib": "^1.9.0"
      }
    },
    "@weareunite/unisys-angular-view-button": {
      "version": "0.0.5",
      "resolved": "https://registry.npmjs.org/@weareunite/unisys-angular-view-button/-/unisys-angular-view-button-0.0.5.tgz",
      "integrity": "sha512-V6SMcDBL56nqJAojaYVZzfq223JyR3mpFhBclq24t3YJJrQKqkfeJ7XL3m5XSVvvyxx6QmhLZDQnAI1bl2VYpQ==",
      "requires": {
        "ngx-permissions": ">=5.0.0",
        "tslib": "^1.9.0"
      },
      "dependencies": {
        "ngx-permissions": {
          "version": "6.0.5",
          "resolved": "https://registry.npmjs.org/ngx-permissions/-/ngx-permissions-6.0.5.tgz",
          "integrity": "sha512-Gls6NOeuIxH0Cn7gVVyXE8Jm47JRwqJClj9KWB9l29ciGGUucCEuw8CCJiplSKmFCGuFW7t3eMGwB4Gf2BZ8OQ=="
        }
      }
    },
    "tslib": {
      "version": "1.9.3",
      "resolved": "https://registry.npmjs.org/tslib/-/tslib-1.9.3.tgz",
      "integrity": "sha512-4krF8scpejhaOgqzBEcGM7yDIEfi0/8+8zDRZhNZZ2kjmHJ4hv3zCbQWxoJGz1iw5U0Jl0nma13xzHXcncMavQ=="
    }
  }
}
